<?xml version="1.0" encoding="utf-8"?>
<Project ToolsVersion="4.0" xmlns="http://schemas.microsoft.com/developer/msbuild/2003">
  <ItemGroup>
    <Filter Include="Source Files">
      <UniqueIdentifier>{4FC737F1-C7A5-4376-A066-2A32D752A2FF}</UniqueIdentifier>
      <Extensions>cpp;c;cc;cxx;def;odl;idl;hpj;bat;asm;asmx</Extensions>
    </Filter>
    <Filter Include="Header Files">
      <UniqueIdentifier>{93995380-89BD-4b04-88EB-625FBE52EBFB}</UniqueIdentifier>
      <Extensions>h;hpp;hxx;hm;inl;inc;xsd</Extensions>
    </Filter>
    <Filter Include="Resource Files">
      <UniqueIdentifier>{67DA6AB6-F800-4c08-8B7A-83BB121AAD01}</UniqueIdentifier>
      <Extensions>rc;ico;cur;bmp;dlg;rc2;rct;bin;rgs;gif;jpg;jpeg;jpe;resx;tiff;tif;png;wav;mfcribbon-ms</Extensions>
    </Filter>
    <Filter Include="Header Files\stlport">
      <UniqueIdentifier>{9c8de912-7598-43ea-bea5-c8b40255b087}</UniqueIdentifier>
    </Filter>
    <Filter Include="Header Files\stlport\stl">
      <UniqueIdentifier>{07a80d63-46b0-474f-996b-8d5f020440a5}</UniqueIdentifier>
    </Filter>
    <Filter Include="Header Files\stlport\stl\config">
      <UniqueIdentifier>{e6d429ca-8a98-439b-9540-1e4482e7db56}</UniqueIdentifier>
    </Filter>
    <Filter Include="Header Files\stlport\stl\pointers">
      <UniqueIdentifier>{bd40ec1b-4c16-46af-a1d3-4f0d54cead75}</UniqueIdentifier>
    </Filter>
    <Filter Include="Header Files\stlport\stl\debug">
      <UniqueIdentifier>{0f362503-32ee-44d1-88dd-84e4c394a37d}</UniqueIdentifier>
    </Filter>
    <Filter Include="Source Files\stlport">
      <UniqueIdentifier>{e8e786d8-14ba-4e74-961a-60e417bc9e01}</UniqueIdentifier>
    </Filter>
    <Filter Include="Source Files\stlport\stl">
      <UniqueIdentifier>{af9ece8f-0053-4a21-9050-3a791fb59b8f}</UniqueIdentifier>
    </Filter>
    <Filter Include="Source Files\stlport\stl\debug">
      <UniqueIdentifier>{d2efb50d-0baa-41cc-9f17-ef3de7a1c663}</UniqueIdentifier>
    </Filter>
  </ItemGroup>
  <ItemGroup>
    <ClInclude Include="src\_stdio_file.h">
      <Filter>Header Files</Filter>
    </ClInclude>
    <ClInclude Include="src\acquire_release.h">
      <Filter>Header Files</Filter>
    </ClInclude>
    <ClInclude Include="src\aligned_buffer.h">
      <Filter>Header Files</Filter>
    </ClInclude>
    <ClInclude Include="src\c_locale.h">
      <Filter>Header Files</Filter>
    </ClInclude>
    <ClInclude Include="src\locale_impl.h">
      <Filter>Header Files</Filter>
    </ClInclude>
    <ClInclude Include="src\lock_free_slist.h">
      <Filter>Header Files</Filter>
    </ClInclude>
    <ClInclude Include="src\message_facets.h">
      <Filter>Header Files</Filter>
    </ClInclude>
    <ClInclude Include="src\stdio_streambuf.h">
      <Filter>Header Files</Filter>
    </ClInclude>
    <ClInclude Include="src\stlport_prefix.h">
      <Filter>Header Files</Filter>
    </ClInclude>
    <ClInclude Include="src\warning_disable.h">
      <Filter>Header Files</Filter>
    </ClInclude>
    <ClInclude Include="resources\resource.h">
      <Filter>Header Files</Filter>
    </ClInclude>
    <ClInclude Include="stlport\stl\_abbrevs.h">
      <Filter>Header Files\stlport\stl</Filter>
    </ClInclude>
    <ClInclude Include="stlport\stl\_algobase.h">
      <Filter>Header Files\stlport\stl</Filter>
    </ClInclude>
    <ClInclude Include="stlport\stl\_alloc.h">
      <Filter>Header Files\stlport\stl</Filter>
    </ClInclude>
    <ClInclude Include="stlport\stl\_auto_ptr.h">
      <Filter>Header Files\stlport\stl</Filter>
    </ClInclude>
    <ClInclude Include="stlport\stl\_bitset.h">
      <Filter>Header Files\stlport\stl</Filter>
    </ClInclude>
    <ClInclude Include="stlport\stl\_bvector.h">
      <Filter>Header Files\stlport\stl</Filter>
    </ClInclude>
    <ClInclude Include="stlport\stl\_carray.h">
      <Filter>Header Files\stlport\stl</Filter>
    </ClInclude>
    <ClInclude Include="stlport\stl\_cctype.h">
      <Filter>Header Files\stlport\stl</Filter>
    </ClInclude>
    <ClInclude Include="stlport\stl\_clocale.h">
      <Filter>Header Files\stlport\stl</Filter>
    </ClInclude>
    <ClInclude Include="stlport\stl\_cmath.h">
      <Filter>Header Files\stlport\stl</Filter>
    </ClInclude>
    <ClInclude Include="stlport\stl\_codecvt.h">
      <Filter>Header Files\stlport\stl</Filter>
    </ClInclude>
    <ClInclude Include="stlport\stl\_collate.h">
      <Filter>Header Files\stlport\stl</Filter>
    </ClInclude>
    <ClInclude Include="stlport\stl\_complex.h">
      <Filter>Header Files\stlport\stl</Filter>
    </ClInclude>
    <ClInclude Include="stlport\stl\_config_compat_post.h">
      <Filter>Header Files\stlport\stl</Filter>
    </ClInclude>
    <ClInclude Include="stlport\stl\_cprolog.h">
      <Filter>Header Files\stlport\stl</Filter>
    </ClInclude>
    <ClInclude Include="stlport\stl\_csetjmp.h">
      <Filter>Header Files\stlport\stl</Filter>
    </ClInclude>
    <ClInclude Include="stlport\stl\_csignal.h">
      <Filter>Header Files\stlport\stl</Filter>
    </ClInclude>
    <ClInclude Include="stlport\stl\_cstdarg.h">
      <Filter>Header Files\stlport\stl</Filter>
    </ClInclude>
    <ClInclude Include="stlport\stl\_cstdint.h">
      <Filter>Header Files\stlport\stl</Filter>
    </ClInclude>
    <ClInclude Include="stlport\stl\_cstdio.h">
      <Filter>Header Files\stlport\stl</Filter>
    </ClInclude>
    <ClInclude Include="stlport\stl\_cstdlib.h">
      <Filter>Header Files\stlport\stl</Filter>
    </ClInclude>
    <ClInclude Include="stlport\stl\_ctime.h">
      <Filter>Header Files\stlport\stl</Filter>
    </ClInclude>
    <ClInclude Include="stlport\stl\_ctraits_fns.h">
      <Filter>Header Files\stlport\stl</Filter>
    </ClInclude>
    <ClInclude Include="stlport\stl\_ctype.h">
      <Filter>Header Files\stlport\stl</Filter>
    </ClInclude>
    <ClInclude Include="stlport\stl\_cwchar.h">
      <Filter>Header Files\stlport\stl</Filter>
    </ClInclude>
    <ClInclude Include="stlport\stl\_cwctype.h">
      <Filter>Header Files\stlport\stl</Filter>
    </ClInclude>
    <ClInclude Include="stlport\stl\_epilog.h">
      <Filter>Header Files\stlport\stl</Filter>
    </ClInclude>
    <ClInclude Include="stlport\stl\_exception.h">
      <Filter>Header Files\stlport\stl</Filter>
    </ClInclude>
    <ClInclude Include="stlport\stl\_facets_fwd.h">
      <Filter>Header Files\stlport\stl</Filter>
    </ClInclude>
    <ClInclude Include="stlport\stl\_function_adaptors.h">
      <Filter>Header Files\stlport\stl</Filter>
    </ClInclude>
    <ClInclude Include="stlport\stl\_function_base.h">
      <Filter>Header Files\stlport\stl</Filter>
    </ClInclude>
    <ClInclude Include="stlport\stl\_has_type.h">
      <Filter>Header Files\stlport\stl</Filter>
    </ClInclude>
    <ClInclude Include="stlport\stl\_hash_fun.h">
      <Filter>Header Files\stlport\stl</Filter>
    </ClInclude>
    <ClInclude Include="stlport\stl\_hashtable.h">
      <Filter>Header Files\stlport\stl</Filter>
    </ClInclude>
    <ClInclude Include="stlport\stl\_heap.h">
      <Filter>Header Files\stlport\stl</Filter>
    </ClInclude>
    <ClInclude Include="stlport\stl\_iomanip.h">
      <Filter>Header Files\stlport\stl</Filter>
    </ClInclude>
    <ClInclude Include="stlport\stl\_ios.h">
      <Filter>Header Files\stlport\stl</Filter>
    </ClInclude>
    <ClInclude Include="stlport\stl\_ios_base.h">
      <Filter>Header Files\stlport\stl</Filter>
    </ClInclude>
    <ClInclude Include="stlport\stl\_ioserr.h">
      <Filter>Header Files\stlport\stl</Filter>
    </ClInclude>
    <ClInclude Include="stlport\stl\_iosfwd.h">
      <Filter>Header Files\stlport\stl</Filter>
    </ClInclude>
    <ClInclude Include="stlport\stl\_iostream_string.h">
      <Filter>Header Files\stlport\stl</Filter>
    </ClInclude>
    <ClInclude Include="stlport\stl\_istream.h">
      <Filter>Header Files\stlport\stl</Filter>
    </ClInclude>
    <ClInclude Include="stlport\stl\_istreambuf_iterator.h">
      <Filter>Header Files\stlport\stl</Filter>
    </ClInclude>
    <ClInclude Include="stlport\stl\_iterator.h">
      <Filter>Header Files\stlport\stl</Filter>
    </ClInclude>
    <ClInclude Include="stlport\stl\_iterator_base.h">
      <Filter>Header Files\stlport\stl</Filter>
    </ClInclude>
    <ClInclude Include="stlport\stl\_list.h">
      <Filter>Header Files\stlport\stl</Filter>
    </ClInclude>
    <ClInclude Include="stlport\stl\_locale.h">
      <Filter>Header Files\stlport\stl</Filter>
    </ClInclude>
    <ClInclude Include="stlport\stl\_map.h">
      <Filter>Header Files\stlport\stl</Filter>
    </ClInclude>
    <ClInclude Include="stlport\stl\_mbstate_t.h">
      <Filter>Header Files\stlport\stl</Filter>
    </ClInclude>
    <ClInclude Include="stlport\stl\_messages_facets.h">
      <Filter>Header Files\stlport\stl</Filter>
    </ClInclude>
    <ClInclude Include="stlport\stl\_monetary.h">
      <Filter>Header Files\stlport\stl</Filter>
    </ClInclude>
    <ClInclude Include="stlport\stl\_new.h">
      <Filter>Header Files\stlport\stl</Filter>
    </ClInclude>
    <ClInclude Include="stlport\stl\_num_get.h">
      <Filter>Header Files\stlport\stl</Filter>
    </ClInclude>
    <ClInclude Include="stlport\stl\_num_put.h">
      <Filter>Header Files\stlport\stl</Filter>
    </ClInclude>
    <ClInclude Include="stlport\stl\_numeric.h">
      <Filter>Header Files\stlport\stl</Filter>
    </ClInclude>
    <ClInclude Include="stlport\stl\_numpunct.h">
      <Filter>Header Files\stlport\stl</Filter>
    </ClInclude>
    <ClInclude Include="stlport\stl\_ostream.h">
      <Filter>Header Files\stlport\stl</Filter>
    </ClInclude>
    <ClInclude Include="stlport\stl\_ostreambuf_iterator.h">
      <Filter>Header Files\stlport\stl</Filter>
    </ClInclude>
    <ClInclude Include="stlport\stl\_prolog.h">
      <Filter>Header Files\stlport\stl</Filter>
    </ClInclude>
    <ClInclude Include="stlport\stl\_pthread_alloc.h">
      <Filter>Header Files\stlport\stl</Filter>
    </ClInclude>
    <ClInclude Include="stlport\stl\_ptrs_specialize.h">
      <Filter>Header Files\stlport\stl</Filter>
    </ClInclude>
    <ClInclude Include="stlport\stl\_range_errors.h">
      <Filter>Header Files\stlport\stl</Filter>
    </ClInclude>
    <ClInclude Include="stlport\stl\_raw_storage_iter.h">
      <Filter>Header Files\stlport\stl</Filter>
    </ClInclude>
    <ClInclude Include="stlport\stl\_relops_cont.h">
      <Filter>Header Files\stlport\stl</Filter>
    </ClInclude>
    <ClInclude Include="stlport\stl\_relops_hash_cont.h">
      <Filter>Header Files\stlport\stl</Filter>
    </ClInclude>
    <ClInclude Include="stlport\stl\_rope.h">
      <Filter>Header Files\stlport\stl</Filter>
    </ClInclude>
    <ClInclude Include="stlport\stl\_set.h">
      <Filter>Header Files\stlport\stl</Filter>
    </ClInclude>
    <ClInclude Include="stlport\stl\_shared_ptr.h">
      <Filter>Header Files\stlport\stl</Filter>
    </ClInclude>
    <ClInclude Include="stlport\stl\_sparc_atomic.h">
      <Filter>Header Files\stlport\stl</Filter>
    </ClInclude>
    <ClInclude Include="stlport\stl\_sstream.h">
      <Filter>Header Files\stlport\stl</Filter>
    </ClInclude>
    <ClInclude Include="stlport\stl\_stdexcept_base.h">
      <Filter>Header Files\stlport\stl</Filter>
    </ClInclude>
    <ClInclude Include="stlport\stl\_stlport_version.h">
      <Filter>Header Files\stlport\stl</Filter>
    </ClInclude>
    <ClInclude Include="stlport\stl\_stream_iterator.h">
      <Filter>Header Files\stlport\stl</Filter>
    </ClInclude>
    <ClInclude Include="stlport\stl\_streambuf.h">
      <Filter>Header Files\stlport\stl</Filter>
    </ClInclude>
    <ClInclude Include="stlport\stl\_string.h">
      <Filter>Header Files\stlport\stl</Filter>
    </ClInclude>
    <ClInclude Include="stlport\stl\_string_base.h">
      <Filter>Header Files\stlport\stl</Filter>
    </ClInclude>
    <ClInclude Include="stlport\stl\_string_fwd.h">
      <Filter>Header Files\stlport\stl</Filter>
    </ClInclude>
    <ClInclude Include="stlport\stl\_string_hash.h">
      <Filter>Header Files\stlport\stl</Filter>
    </ClInclude>
    <ClInclude Include="stlport\stl\_string_io.h">
      <Filter>Header Files\stlport\stl</Filter>
    </ClInclude>
    <ClInclude Include="stlport\stl\_string_npos.h">
      <Filter>Header Files\stlport\stl</Filter>
    </ClInclude>
    <ClInclude Include="stlport\stl\_string_operators.h">
      <Filter>Header Files\stlport\stl</Filter>
    </ClInclude>
    <ClInclude Include="stlport\stl\_string_sum.h">
      <Filter>Header Files\stlport\stl</Filter>
    </ClInclude>
    <ClInclude Include="stlport\stl\_string_sum_methods.h">
      <Filter>Header Files\stlport\stl</Filter>
    </ClInclude>
    <ClInclude Include="stlport\stl\_string_workaround.h">
      <Filter>Header Files\stlport\stl</Filter>
    </ClInclude>
    <ClInclude Include="stlport\stl\_strstream.h">
      <Filter>Header Files\stlport\stl</Filter>
    </ClInclude>
    <ClInclude Include="stlport\stl\_tempbuf.h">
      <Filter>Header Files\stlport\stl</Filter>
    </ClInclude>
    <ClInclude Include="stlport\stl\_threads.h">
      <Filter>Header Files\stlport\stl</Filter>
    </ClInclude>
    <ClInclude Include="stlport\stl\_time_facets.h">
      <Filter>Header Files\stlport\stl</Filter>
    </ClInclude>
    <ClInclude Include="stlport\stl\_tree.h">
      <Filter>Header Files\stlport\stl</Filter>
    </ClInclude>
    <ClInclude Include="stlport\stl\_typeinfo.h">
      <Filter>Header Files\stlport\stl</Filter>
    </ClInclude>
    <ClInclude Include="stlport\stl\_uninitialized.h">
      <Filter>Header Files\stlport\stl</Filter>
    </ClInclude>
    <ClInclude Include="stlport\stl\_unordered_map.h">
      <Filter>Header Files\stlport\stl</Filter>
    </ClInclude>
    <ClInclude Include="stlport\stl\_unordered_set.h">
      <Filter>Header Files\stlport\stl</Filter>
    </ClInclude>
    <ClInclude Include="stlport\stl\boost_type_traits.h">
      <Filter>Header Files\stlport\stl</Filter>
    </ClInclude>
    <ClInclude Include="stlport\stl\c_locale.h">
      <Filter>Header Files\stlport\stl</Filter>
    </ClInclude>
    <ClInclude Include="stlport\stl\char_traits.h">
      <Filter>Header Files\stlport\stl</Filter>
    </ClInclude>
    <ClInclude Include="stlport\stl\concept_checks.h">
      <Filter>Header Files\stlport\stl</Filter>
    </ClInclude>
    <ClInclude Include="stlport\stl\msc_stdint.h">
      <Filter>Header Files\stlport\stl</Filter>
    </ClInclude>
    <ClInclude Include="stlport\stl\msl_string.h">
      <Filter>Header Files\stlport\stl</Filter>
    </ClInclude>
    <ClInclude Include="stlport\stl\config\_auto_link.h">
      <Filter>Header Files\stlport\stl\config</Filter>
    </ClInclude>
    <ClInclude Include="stlport\stl\config\_detect_dll_or_lib.h">
      <Filter>Header Files\stlport\stl\config</Filter>
    </ClInclude>
    <ClInclude Include="stlport\stl\config\_epilog.h">
      <Filter>Header Files\stlport\stl\config</Filter>
    </ClInclude>
    <ClInclude Include="stlport\stl\config\_feedback.h">
      <Filter>Header Files\stlport\stl\config</Filter>
    </ClInclude>
    <ClInclude Include="stlport\stl\config\_msvc.h">
      <Filter>Header Files\stlport\stl\config</Filter>
    </ClInclude>
    <ClInclude Include="stlport\stl\config\_native_headers.h">
      <Filter>Header Files\stlport\stl\config</Filter>
    </ClInclude>
    <ClInclude Include="stlport\stl\config\_prolog.h">
      <Filter>Header Files\stlport\stl\config</Filter>
    </ClInclude>
    <ClInclude Include="stlport\stl\config\_system.h">
      <Filter>Header Files\stlport\stl\config</Filter>
    </ClInclude>
    <ClInclude Include="stlport\stl\config\_warnings_off.h">
      <Filter>Header Files\stlport\stl\config</Filter>
    </ClInclude>
    <ClInclude Include="stlport\stl\config\_windows.h">
      <Filter>Header Files\stlport\stl\config</Filter>
    </ClInclude>
    <ClInclude Include="stlport\stl\config\compat.h">
      <Filter>Header Files\stlport\stl\config</Filter>
    </ClInclude>
    <ClInclude Include="stlport\stl\config\features.h">
      <Filter>Header Files\stlport\stl\config</Filter>
    </ClInclude>
    <ClInclude Include="stlport\stl\config\host.h">
      <Filter>Header Files\stlport\stl\config</Filter>
    </ClInclude>
    <ClInclude Include="stlport\stl\config\user_config.h">
      <Filter>Header Files\stlport\stl\config</Filter>
    </ClInclude>
    <ClInclude Include="stlport\stl\pointers\_deque.h">
      <Filter>Header Files\stlport\stl\pointers</Filter>
    </ClInclude>
    <ClInclude Include="stlport\stl\pointers\_forward_list.h">
      <Filter>Header Files\stlport\stl\pointers</Filter>
    </ClInclude>
    <ClInclude Include="stlport\stl\pointers\_list.h">
      <Filter>Header Files\stlport\stl\pointers</Filter>
    </ClInclude>
    <ClInclude Include="stlport\stl\pointers\_set.h">
      <Filter>Header Files\stlport\stl\pointers</Filter>
    </ClInclude>
    <ClInclude Include="stlport\stl\pointers\_tools.h">
      <Filter>Header Files\stlport\stl\pointers</Filter>
    </ClInclude>
    <ClInclude Include="stlport\stl\pointers\_vector.h">
      <Filter>Header Files\stlport\stl\pointers</Filter>
    </ClInclude>
    <ClInclude Include="stlport\stl\debug\_debug.h">
      <Filter>Header Files\stlport\stl\debug</Filter>
    </ClInclude>
    <ClInclude Include="stlport\stl\debug\_deque.h">
      <Filter>Header Files\stlport\stl\debug</Filter>
    </ClInclude>
    <ClInclude Include="stlport\stl\debug\_forward_list.h">
      <Filter>Header Files\stlport\stl\debug</Filter>
    </ClInclude>
    <ClInclude Include="stlport\stl\debug\_hashtable.h">
      <Filter>Header Files\stlport\stl\debug</Filter>
    </ClInclude>
    <ClInclude Include="stlport\stl\debug\_iterator.h">
      <Filter>Header Files\stlport\stl\debug</Filter>
    </ClInclude>
    <ClInclude Include="stlport\stl\debug\_list.h">
      <Filter>Header Files\stlport\stl\debug</Filter>
    </ClInclude>
    <ClInclude Include="stlport\stl\debug\_string.h">
      <Filter>Header Files\stlport\stl\debug</Filter>
    </ClInclude>
    <ClInclude Include="stlport\stl\debug\_string_sum_methods.h">
      <Filter>Header Files\stlport\stl\debug</Filter>
    </ClInclude>
    <ClInclude Include="stlport\stl\debug\_tree.h">
      <Filter>Header Files\stlport\stl\debug</Filter>
    </ClInclude>
    <ClInclude Include="stlport\stl\debug\_vector.h">
      <Filter>Header Files\stlport\stl\debug</Filter>
    </ClInclude>
    <ClInclude Include="stlport\assert.h">
      <Filter>Header Files\stlport</Filter>
    </ClInclude>
    <ClInclude Include="stlport\callstack.h">
      <Filter>Header Files\stlport</Filter>
    </ClInclude>
    <ClInclude Include="stlport\ctype.h">
      <Filter>Header Files\stlport</Filter>
    </ClInclude>
    <ClInclude Include="stlport\errno.h">
      <Filter>Header Files\stlport</Filter>
    </ClInclude>
    <ClInclude Include="stlport\exception.h">
      <Filter>Header Files\stlport</Filter>
    </ClInclude>
    <ClInclude Include="stlport\float.h">
      <Filter>Header Files\stlport</Filter>
    </ClInclude>
    <ClInclude Include="stlport\iso646.h">
      <Filter>Header Files\stlport</Filter>
    </ClInclude>
    <ClInclude Include="stlport\limits.h">
      <Filter>Header Files\stlport</Filter>
    </ClInclude>
    <ClInclude Include="stlport\locale.h">
      <Filter>Header Files\stlport</Filter>
    </ClInclude>
    <ClInclude Include="stlport\math.h">
      <Filter>Header Files\stlport</Filter>
    </ClInclude>
    <ClInclude Include="stlport\mem.h">
      <Filter>Header Files\stlport</Filter>
    </ClInclude>
    <ClInclude Include="stlport\pthread.h">
      <Filter>Header Files\stlport</Filter>
    </ClInclude>
    <ClInclude Include="stlport\rlocks.h">
      <Filter>Header Files\stlport</Filter>
    </ClInclude>
    <ClInclude Include="stlport\setjmp.h">
      <Filter>Header Files\stlport</Filter>
    </ClInclude>
    <ClInclude Include="stlport\signal.h">
      <Filter>Header Files\stlport</Filter>
    </ClInclude>
    <ClInclude Include="stlport\stdarg.h">
      <Filter>Header Files\stlport</Filter>
    </ClInclude>
    <ClInclude Include="stlport\stddef.h">
      <Filter>Header Files\stlport</Filter>
    </ClInclude>
    <ClInclude Include="stlport\stdint.h">
      <Filter>Header Files\stlport</Filter>
    </ClInclude>
    <ClInclude Include="stlport\stdio.h">
      <Filter>Header Files\stlport</Filter>
    </ClInclude>
    <ClInclude Include="stlport\stdiostream.h">
      <Filter>Header Files\stlport</Filter>
    </ClInclude>
    <ClInclude Include="stlport\stdlib.h">
      <Filter>Header Files\stlport</Filter>
    </ClInclude>
    <ClInclude Include="stlport\string.h">
      <Filter>Header Files\stlport</Filter>
    </ClInclude>
    <ClInclude Include="stlport\time.h">
      <Filter>Header Files\stlport</Filter>
    </ClInclude>
    <ClInclude Include="stlport\typeinfo.h">
      <Filter>Header Files\stlport</Filter>
    </ClInclude>
    <ClInclude Include="stlport\wchar.h">
      <Filter>Header Files\stlport</Filter>
    </ClInclude>
    <ClInclude Include="stlport\wctype.h">
      <Filter>Header Files\stlport</Filter>
    </ClInclude>
  </ItemGroup>
  <ItemGroup>
    <ClCompile Include="src\c_locale.c">
      <Filter>Source Files</Filter>
    </ClCompile>
    <ClCompile Include="src\cxa.c">
      <Filter>Source Files</Filter>
    </ClCompile>
    <ClCompile Include="src\allocators.cpp">
      <Filter>Source Files</Filter>
    </ClCompile>
    <ClCompile Include="src\bitset.cpp">
      <Filter>Source Files</Filter>
    </ClCompile>
    <ClCompile Include="src\callstack.cc">
      <Filter>Source Files</Filter>
    </ClCompile>
    <ClCompile Include="src\chrono.cc">
      <Filter>Source Files</Filter>
    </ClCompile>
    <ClCompile Include="src\codecvt.cpp">
      <Filter>Source Files</Filter>
    </ClCompile>
    <ClCompile Include="src\collate.cpp">
      <Filter>Source Files</Filter>
    </ClCompile>
    <ClCompile Include="src\complex.cpp">
      <Filter>Source Files</Filter>
    </ClCompile>
    <ClCompile Include="src\complex_io.cpp">
      <Filter>Source Files</Filter>
    </ClCompile>
    <ClCompile Include="src\complex_trig.cpp">
      <Filter>Source Files</Filter>
    </ClCompile>
    <ClCompile Include="src\ctype.cpp">
      <Filter>Source Files</Filter>
    </ClCompile>
    <ClCompile Include="src\demangle.cc">
      <Filter>Source Files</Filter>
    </ClCompile>
    <ClCompile Include="src\dll_main.cpp">
      <Filter>Source Files</Filter>
    </ClCompile>
    <ClCompile Include="src\except.cc">
      <Filter>Source Files</Filter>
    </ClCompile>
    <ClCompile Include="src\facets_byname.cpp">
      <Filter>Source Files</Filter>
    </ClCompile>
    <ClCompile Include="src\fstream.cpp">
      <Filter>Source Files</Filter>
    </ClCompile>
    <ClCompile Include="src\ios.cpp">
      <Filter>Source Files</Filter>
    </ClCompile>
    <ClCompile Include="src\iostream.cpp">
      <Filter>Source Files</Filter>
    </ClCompile>
    <ClCompile Include="src\istream.cpp">
      <Filter>Source Files</Filter>
    </ClCompile>
    <ClCompile Include="src\locale.cpp">
      <Filter>Source Files</Filter>
    </ClCompile>
    <ClCompile Include="src\locale_catalog.cpp">
      <Filter>Source Files</Filter>
    </ClCompile>
    <ClCompile Include="src\locale_impl.cpp">
      <Filter>Source Files</Filter>
    </ClCompile>
    <ClCompile Include="src\messages.cpp">
      <Filter>Source Files</Filter>
    </ClCompile>
    <ClCompile Include="src\monetary.cpp">
      <Filter>Source Files</Filter>
    </ClCompile>
    <ClCompile Include="src\new.cpp">
      <Filter>Source Files</Filter>
    </ClCompile>
    <ClCompile Include="src\num_get.cpp">
      <Filter>Source Files</Filter>
    </ClCompile>
    <ClCompile Include="src\num_get_float.cpp">
      <Filter>Source Files</Filter>
    </ClCompile>
    <ClCompile Include="src\num_put.cpp">
      <Filter>Source Files</Filter>
    </ClCompile>
    <ClCompile Include="src\num_put_float.cpp">
      <Filter>Source Files</Filter>
    </ClCompile>
    <ClCompile Include="src\numpunct.cpp">
      <Filter>Source Files</Filter>
    </ClCompile>
    <ClCompile Include="src\ostream.cpp">
      <Filter>Source Files</Filter>
    </ClCompile>
    <ClCompile Include="src\reachable.cc">
      <Filter>Source Files</Filter>
    </ClCompile>
    <ClCompile Include="src\sstream.cpp">
      <Filter>Source Files</Filter>
    </ClCompile>
    <ClCompile Include="src\stdio_streambuf.cpp">
      <Filter>Source Files</Filter>
    </ClCompile>
    <ClCompile Include="src\string.cpp">
      <Filter>Source Files</Filter>
    </ClCompile>
    <ClCompile Include="src\strstream.cpp">
      <Filter>Source Files</Filter>
    </ClCompile>
    <ClCompile Include="src\system_error.cc">
      <Filter>Source Files</Filter>
    </ClCompile>
    <ClCompile Include="src\thread.cc">
      <Filter>Source Files</Filter>
    </ClCompile>
    <ClCompile Include="src\time_facets.cpp">
      <Filter>Source Files</Filter>
    </ClCompile>
    <ClCompile Include="stlport\stl\_algo.c">
      <Filter>Source Files\stlport\stl</Filter>
    </ClCompile>
    <ClCompile Include="stlport\stl\_algobase.c">
      <Filter>Source Files\stlport\stl</Filter>
    </ClCompile>
    <ClCompile Include="stlport\stl\_alloc.c">
      <Filter>Source Files\stlport\stl</Filter>
    </ClCompile>
    <ClCompile Include="stlport\stl\_bitset.c">
      <Filter>Source Files\stlport\stl</Filter>
    </ClCompile>
    <ClCompile Include="stlport\stl\_complex.c">
      <Filter>Source Files\stlport\stl</Filter>
    </ClCompile>
    <ClCompile Include="stlport\stl\_deque.c">
      <Filter>Source Files\stlport\stl</Filter>
    </ClCompile>
    <ClCompile Include="stlport\stl\_forward_list.c">
      <Filter>Source Files\stlport\stl</Filter>
    </ClCompile>
    <ClCompile Include="stlport\stl\_fstream.c">
      <Filter>Source Files\stlport\stl</Filter>
    </ClCompile>
    <ClCompile Include="stlport\stl\_hashtable.c">
      <Filter>Source Files\stlport\stl</Filter>
    </ClCompile>
    <ClCompile Include="stlport\stl\_heap.c">
      <Filter>Source Files\stlport\stl</Filter>
    </ClCompile>
    <ClCompile Include="stlport\stl\_ios.c">
      <Filter>Source Files\stlport\stl</Filter>
    </ClCompile>
    <ClCompile Include="stlport\stl\_istream.c">
      <Filter>Source Files\stlport\stl</Filter>
    </ClCompile>
    <ClCompile Include="stlport\stl\_list.c">
      <Filter>Source Files\stlport\stl</Filter>
    </ClCompile>
    <ClCompile Include="stlport\stl\_monetary.c">
      <Filter>Source Files\stlport\stl</Filter>
    </ClCompile>
    <ClCompile Include="stlport\stl\_num_get.c">
      <Filter>Source Files\stlport\stl</Filter>
    </ClCompile>
    <ClCompile Include="stlport\stl\_num_put.c">
      <Filter>Source Files\stlport\stl</Filter>
    </ClCompile>
    <ClCompile Include="stlport\stl\_numeric.c">
      <Filter>Source Files\stlport\stl</Filter>
    </ClCompile>
    <ClCompile Include="stlport\stl\_ostream.c">
      <Filter>Source Files\stlport\stl</Filter>
    </ClCompile>
    <ClCompile Include="stlport\stl\_range_errors.c">
      <Filter>Source Files\stlport\stl</Filter>
    </ClCompile>
    <ClCompile Include="stlport\stl\_rope.c">
      <Filter>Source Files\stlport\stl</Filter>
    </ClCompile>
    <ClCompile Include="stlport\stl\_sstream.c">
      <Filter>Source Files\stlport\stl</Filter>
    </ClCompile>
    <ClCompile Include="stlport\stl\_stdexcept_base.c">
      <Filter>Source Files\stlport\stl</Filter>
    </ClCompile>
    <ClCompile Include="stlport\stl\_streambuf.c">
      <Filter>Source Files\stlport\stl</Filter>
    </ClCompile>
    <ClCompile Include="stlport\stl\_string.c">
      <Filter>Source Files\stlport\stl</Filter>
    </ClCompile>
    <ClCompile Include="stlport\stl\_string_io.c">
      <Filter>Source Files\stlport\stl</Filter>
    </ClCompile>
    <ClCompile Include="stlport\stl\_tempbuf.c">
      <Filter>Source Files\stlport\stl</Filter>
    </ClCompile>
    <ClCompile Include="stlport\stl\_threads.c">
      <Filter>Source Files\stlport\stl</Filter>
    </ClCompile>
    <ClCompile Include="stlport\stl\_time_facets.c">
      <Filter>Source Files\stlport\stl</Filter>
    </ClCompile>
    <ClCompile Include="stlport\stl\_tree.c">
      <Filter>Source Files\stlport\stl</Filter>
    </ClCompile>
    <ClCompile Include="stlport\stl\_valarray.c">
      <Filter>Source Files\stlport\stl</Filter>
    </ClCompile>
    <ClCompile Include="stlport\stl\_vector.c">
      <Filter>Source Files\stlport\stl</Filter>
    </ClCompile>
    <ClCompile Include="stlport\stl\debug\_debug.c">
      <Filter>Source Files\stlport\stl\debug</Filter>
    </ClCompile>
  </ItemGroup>
  <ItemGroup>
    <ResourceCompile Include="resources\stlport.rc">
      <Filter>Resource Files</Filter>
    </ResourceCompile>
  </ItemGroup>
  <ItemGroup>
    <None Include="stlport\algorithm">
      <Filter>Header Files\stlport</Filter>
    </None>
    <None Include="stlport\atomic">
      <Filter>Header Files\stlport</Filter>
    </None>
    <None Include="stlport\bitset">
      <Filter>Header Files\stlport</Filter>
    </None>
    <None Include="stlport\cassert">
      <Filter>Header Files\stlport</Filter>
    </None>
    <None Include="stlport\cctype">
      <Filter>Header Files\stlport</Filter>
    </None>
    <None Include="stlport\cerrno">
      <Filter>Header Files\stlport</Filter>
    </None>
    <None Include="stlport\cfloat">
      <Filter>Header Files\stlport</Filter>
    </None>
    <None Include="stlport\chrono">
      <Filter>Header Files\stlport</Filter>
    </None>
    <None Include="stlport\ciso646">
      <Filter>Header Files\stlport</Filter>
    </None>
    <None Include="stlport\climits">
      <Filter>Header Files\stlport</Filter>
    </None>
    <None Include="stlport\clocale">
      <Filter>Header Files\stlport</Filter>
    </None>
    <None Include="stlport\cmath">
      <Filter>Header Files\stlport</Filter>
    </None>
    <None Include="stlport\complex">
      <Filter>Header Files\stlport</Filter>
    </None>
    <None Include="stlport\condition_variable">
      <Filter>Header Files\stlport</Filter>
    </None>
    <None Include="stlport\csetjmp">
      <Filter>Header Files\stlport</Filter>
    </None>
    <None Include="stlport\csignal">
      <Filter>Header Files\stlport</Filter>
    </None>
    <None Include="stlport\cstdarg">
      <Filter>Header Files\stlport</Filter>
    </None>
    <None Include="stlport\cstddef">
      <Filter>Header Files\stlport</Filter>
    </None>
    <None Include="stlport\cstdint">
      <Filter>Header Files\stlport</Filter>
    </None>
    <None Include="stlport\cstdio">
      <Filter>Header Files\stlport</Filter>
    </None>
    <None Include="stlport\cstdlib">
      <Filter>Header Files\stlport</Filter>
    </None>
    <None Include="stlport\cstring">
      <Filter>Header Files\stlport</Filter>
    </None>
    <None Include="stlport\ctime">
      <Filter>Header Files\stlport</Filter>
    </None>
    <None Include="stlport\cwchar">
      <Filter>Header Files\stlport</Filter>
    </None>
    <None Include="stlport\cwctype">
      <Filter>Header Files\stlport</Filter>
    </None>
    <None Include="stlport\deque">
      <Filter>Header Files\stlport</Filter>
    </None>
    <None Include="stlport\exception">
      <Filter>Header Files\stlport</Filter>
    </None>
    <None Include="stlport\forward_list">
      <Filter>Header Files\stlport</Filter>
    </None>
    <None Include="stlport\fstream">
      <Filter>Header Files\stlport</Filter>
    </None>
    <None Include="stlport\functional">
      <Filter>Header Files\stlport</Filter>
    </None>
    <None Include="stlport\iomanip">
      <Filter>Header Files\stlport</Filter>
    </None>
    <None Include="stlport\ios">
      <Filter>Header Files\stlport</Filter>
    </None>
    <None Include="stlport\iosfwd">
      <Filter>Header Files\stlport</Filter>
    </None>
    <None Include="stlport\iostream">
      <Filter>Header Files\stlport</Filter>
    </None>
    <None Include="stlport\istream">
      <Filter>Header Files\stlport</Filter>
    </None>
    <None Include="stlport\iterator">
      <Filter>Header Files\stlport</Filter>
    </None>
    <None Include="stlport\limits">
      <Filter>Header Files\stlport</Filter>
    </None>
    <None Include="stlport\list">
      <Filter>Header Files\stlport</Filter>
    </None>
    <None Include="stlport\locale">
      <Filter>Header Files\stlport</Filter>
    </None>
    <None Include="stlport\map">
      <Filter>Header Files\stlport</Filter>
    </None>
    <None Include="stlport\memory">
      <Filter>Header Files\stlport</Filter>
    </None>
    <None Include="stlport\mutex">
      <Filter>Header Files\stlport</Filter>
    </None>
    <None Include="stlport\new">
      <Filter>Header Files\stlport</Filter>
    </None>
    <None Include="stlport\numeric">
      <Filter>Header Files\stlport</Filter>
    </None>
    <None Include="stlport\ostream">
      <Filter>Header Files\stlport</Filter>
    </None>
    <None Include="stlport\pthread_alloc">
      <Filter>Header Files\stlport</Filter>
    </None>
    <None Include="stlport\queue">
      <Filter>Header Files\stlport</Filter>
    </None>
    <None Include="stlport\ratio">
      <Filter>Header Files\stlport</Filter>
    </None>
    <None Include="stlport\rope">
      <Filter>Header Files\stlport</Filter>
    </None>
    <None Include="stlport\set">
      <Filter>Header Files\stlport</Filter>
    </None>
    <None Include="stlport\sstream">
      <Filter>Header Files\stlport</Filter>
    </None>
    <None Include="stlport\stack">
      <Filter>Header Files\stlport</Filter>
    </None>
    <None Include="stlport\stdexcept">
      <Filter>Header Files\stlport</Filter>
    </None>
    <None Include="stlport\streambuf">
      <Filter>Header Files\stlport</Filter>
    </None>
    <None Include="stlport\string">
      <Filter>Header Files\stlport</Filter>
    </None>
    <None Include="stlport\strstream">
      <Filter>Header Files\stlport</Filter>
    </None>
    <None Include="stlport\system_error">
      <Filter>Header Files\stlport</Filter>
    </None>
    <None Include="stlport\thread">
      <Filter>Header Files\stlport</Filter>
    </None>
    <None Include="stlport\type_traits">
      <Filter>Header Files\stlport</Filter>
    </None>
    <None Include="stlport\typeinfo">
      <Filter>Header Files\stlport</Filter>
    </None>
    <None Include="stlport\unordered_map">
      <Filter>Header Files\stlport</Filter>
    </None>
    <None Include="stlport\unordered_set">
      <Filter>Header Files\stlport</Filter>
    </None>
    <None Include="stlport\utility">
      <Filter>Header Files\stlport</Filter>
    </None>
    <None Include="stlport\valarray">
      <Filter>Header Files\stlport</Filter>
    </None>
    <None Include="stlport\vector">
      <Filter>Header Files\stlport</Filter>
    </None>
  </ItemGroup>
</Project>